<?xml version="1.0" encoding="utf-8"?>
<Project ToolsVersion="4.0" xmlns="http://schemas.microsoft.com/developer/msbuild/2003">
  <ItemGroup>
    <Filter Include="Source Files">
      <UniqueIdentifier>{0a9823ee-0539-4c82-80bf-b6cf975957c0}</UniqueIdentifier>
      <Extensions>cpp;c;cxx;rc;def;r;odl;idl;hpj;bat</Extensions>
    </Filter>
    <Filter Include="Header Files">
      <UniqueIdentifier>{2d82e358-dfe2-46e5-981b-a167f0bf0960}</UniqueIdentifier>
      <Extensions>h;hpp;hxx;hm;inl</Extensions>
    </Filter>
    <Filter Include="Resource Files">
      <UniqueIdentifier>{c07b18f4-c2ae-4f00-a859-f3d0f61a1fba}</UniqueIdentifier>
      <Extensions>ico;cur;bmp;dlg;rc2;rct;bin;rgs;gif;jpg;jpeg;jpe</Extensions>
    </Filter>
  </ItemGroup>
  <ItemGroup>
    <ClCompile Include="GISTin.cpp">
      <Filter>Source Files</Filter>
    </ClCompile>
    <ClCompile Include="GISTinDoc.cpp">
      <Filter>Source Files</Filter>
    </ClCompile>
    <ClCompile Include="GISTinView.cpp">
      <Filter>Source Files</Filter>
    </ClCompile>
    <ClCompile Include="GridDlg.cpp">
      <Filter>Source Files</Filter>
    </ClCompile>
    <ClCompile Include="MainFrm.cpp">
      <Filter>Source Files</Filter>
    </ClCompile>
    <ClCompile Include="StdAfx.cpp">
      <Filter>Source Files</Filter>
    </ClCompile>
  </ItemGroup>
  <ItemGroup>
    <ResourceCompile Include="GISTin.rc">
      <Filter>Source Files</Filter>
    </ResourceCompile>
    <ResourceCompile Include="..\..\..\..\..\..\GIS学习篇\台式机资料\Voronoi程序备份\V图程序\分治法(有待继续完成)\GISTin.rc">
      <Filter>Source Files</Filter>
    </ResourceCompile>
  </ItemGroup>
  <ItemGroup>
    <ClInclude Include="GISTin.h">
      <Filter>Header Files</Filter>
    </ClInclude>
    <ClInclude Include="GISTinDoc.h">
      <Filter>Header Files</Filter>
    </ClInclude>
    <ClInclude Include="GISTinView.h">
      <Filter>Header Files</Filter>
    </ClInclude>
    <ClInclude Include="GridDlg.h">
      <Filter>Header Files</Filter>
    </ClInclude>
    <ClInclude Include="MainFrm.h">
      <Filter>Header Files</Filter>
    </ClInclude>
    <ClInclude Include="Resource.h">
      <Filter>Header Files</Filter>
    </ClInclude>
    <ClInclude Include="StdAfx.h">
      <Filter>Header Files</Filter>
    </ClInclude>
  </ItemGroup>
  <ItemGroup>
    <CustomBuild Include="res\GISTin.ico">
      <Filter>Resource Files</Filter>
    </CustomBuild>
    <CustomBuild Include="..\..\..\..\..\..\GIS学习篇\台式机资料\Voronoi程序备份\V图程序\分治法(有待继续完成)\res\GISTin.ico">
      <Filter>Resource Files</Filter>
    </CustomBuild>
    <CustomBuild Include="res\GISTin.rc2">
      <Filter>Resource Files</Filter>
    </CustomBuild>
    <CustomBuild Include="res\GISTinDoc.ico">
      <Filter>Resource Files</Filter>
    </CustomBuild>
    <CustomBuild Include="..\..\..\..\..\..\GIS学习篇\台式机资料\Voronoi程序备份\V图程序\分治法(有待继续完成)\res\GISTinDoc.ico">
      <Filter>Resource Files</Filter>
    </CustomBuild>
    <CustomBuild Include="res\NewToolbar.bmp">
      <Filter>Resource Files</Filter>
    </CustomBuild>
    <CustomBuild Include="..\..\..\..\..\..\GIS学习篇\台式机资料\Voronoi程序备份\V图程序\分治法(有待继续完成)\res\NewToolbar.bmp">
      <Filter>Resource Files</Filter>
    </CustomBuild>
    <CustomBuild Include="res\pan.cur">
      <Filter>Resource Files</Filter>
    </CustomBuild>
    <CustomBuild Include="..\..\..\..\..\..\GIS学习篇\台式机资料\Voronoi程序备份\V图程序\分治法(有待继续完成)\res\pan.cur">
      <Filter>Resource Files</Filter>
    </CustomBuild>
    <CustomBuild Include="res\select.cur">
      <Filter>Resource Files</Filter>
    </CustomBuild>
    <CustomBuild Include="..\..\..\..\..\..\GIS学习篇\台式机资料\Voronoi程序备份\V图程序\分治法(有待继续完成)\res\select.cur">
      <Filter>Resource Files</Filter>
    </CustomBuild>
    <CustomBuild Include="res\Toolbar.bmp">
      <Filter>Resource Files</Filter>
    </CustomBuild>
    <CustomBuild Include="res\zoomin.cur">
      <Filter>Resource Files</Filter>
    </CustomBuild>
    <CustomBuild Include="..\..\..\..\..\..\GIS学习篇\台式机资料\Voronoi程序备份\V图程序\分治法(有待继续完成)\res\zoomin.cur">
      <Filter>Resource Files</Filter>
    </CustomBuild>
    <CustomBuild Include="res\zoomout.cur">
      <Filter>Resource Files</Filter>
    </CustomBuild>
    <CustomBuild Include="..\..\..\..\..\..\GIS学习篇\台式机资料\Voronoi程序备份\V图程序\分治法(有待继续完成)\res\zoomout.cur">
      <Filter>Resource Files</Filter>
    </CustomBuild>
    <CustomBuild Include="ReadMe.txt" />
  </ItemGroup>
</Project>